{
    "_readme": [
        "This file locks the dependencies of your project to a known state",
        "Read more about it at https://getcomposer.org/doc/01-basic-usage.md#installing-dependencies",
        "This file is @generated automatically"
    ],
    "content-hash": "824f6289a5bce6f6cabba3701cfc0854",
    "packages": [
        {
            "name": "great-scott-plugins/wordpress-plugin",
            "version": "1.0.6",
            "source": {
                "type": "git",
                "url": "https://github.com/Great-Scott-Plugins/WordPress-Plugin.git",
                "reference": "be4c081add2accbd819312c0561b644a3ff981a7"
            },
            "dist": {
                "type": "zip",
                "url": "https://api.github.com/repos/Great-Scott-Plugins/WordPress-Plugin/zipball/be4c081add2accbd819312c0561b644a3ff981a7",
                "reference": "be4c081add2accbd819312c0561b644a3ff981a7",
                "shasum": ""
            },
            "type": "library",
            "autoload": {
                "psr-4": {
                    "GreatScottPlugins\\WordPressPlugin\\": "src/"
                }
            },
            "license": [
                "GPL-3.0-or-later"
            ],
            "authors": [
                {
                    "name": "Great Scott Plugins",
                    "email": "scotts@greatscottplugins.com",
                    "homepage": "https://greatscottplugins.com/",
                    "role": "Developer"
                }
            ],
            "description": "Library to use as basis for WordPress plugins.",
            "support": {
                "source": "https://github.com/Great-Scott-Plugins/WordPress-Plugin/tree/1.0.6",
                "issues": "https://github.com/Great-Scott-Plugins/WordPress-Plugin/issues"
            },
            "time": "2025-01-19T07:23:14+00:00"
        }
    ],
    "packages-dev": [],
    "aliases": [],
    "minimum-stability": "stable",
    "stability-flags": {},
    "prefer-stable": false,
    "prefer-lowest": false,
    "platform": {
        "php": ">=7.4"
    },
    "platform-dev": {},
    "plugin-api-version": "2.6.0"
}
